// !$*UTF8*$!
{
	archiveVersion = 1;
	classes = {
	};
	objectVersion = 46;
	objects = {

/* Begin PBXFileReference section */
		E376680E140ACB6100A04012 /* install.rdf */ = {isa = PBXFileReference; lastKnownFileType = text.xml; path = install.rdf; sourceTree = "<group>"; };
		E3766810140ACB6100A04012 /* readme.txt */ = {isa = PBXFileReference; lastKnownFileType = text; path = readme.txt; sourceTree = "<group>"; };
		E37B42ED1409E63A0025D823 /* evwrap.c */ = {isa = PBXFileReference; fileEncoding = 4; lastKnownFileType = sourcecode.c.c; path = evwrap.c; sourceTree = "<group>"; };
		E37B42EF1409E9E20025D823 /* evwrap.h */ = {isa = PBXFileReference; fileEncoding = 4; lastKnownFileType = sourcecode.c.h; path = evwrap.h; sourceTree = "<group>"; };
		E37B42F0140A023D0025D823 /* ev.c */ = {isa = PBXFileReference; fileEncoding = 4; lastKnownFileType = sourcecode.c.c; name = ev.c; path = "../libev-4.04/ev.c"; sourceTree = "<group>"; };
		E37B42F1140A023D0025D823 /* ev.h */ = {isa = PBXFileReference; fileEncoding = 4; lastKnownFileType = sourcecode.c.h; name = ev.h; path = "../libev-4.04/ev.h"; sourceTree = "<group>"; };
		E37B42F3140A1EA70025D823 /* CTypes.cpp */ = {isa = PBXFileReference; fileEncoding = 4; lastKnownFileType = sourcecode.cpp.cpp; name = CTypes.cpp; path = "../mozilla-central/js/src/ctypes/CTypes.cpp"; sourceTree = "<group>"; };
		E37B42F8140A2AA50025D823 /* CTypes.h */ = {isa = PBXFileReference; fileEncoding = 4; lastKnownFileType = sourcecode.c.h; name = CTypes.h; path = "../mozilla-central/js/src/ctypes/CTypes.h"; sourceTree = "<group>"; };
		E3ACBC8C140ACBDC0002B495 /* build */ = {isa = PBXFileReference; lastKnownFileType = text; path = build; sourceTree = "<group>"; };
		E3ACBC93140ADED40002B495 /* pavel */ = {isa = PBXFileReference; lastKnownFileType = folder; path = pavel; sourceTree = "<group>"; };
		E3ACBC95140AFF5B0002B495 /* pavel.js */ = {isa = PBXFileReference; fileEncoding = 4; lastKnownFileType = sourcecode.javascript; path = pavel.js; sourceTree = "<group>"; };
/* End PBXFileReference section */

/* Begin PBXGroup section */
		E37B42DE14097EA60025D823 = {
			isa = PBXGroup;
			children = (
				E3ACBC95140AFF5B0002B495 /* pavel.js */,
				E3ACBC93140ADED40002B495 /* pavel */,
				E3ACBC8C140ACBDC0002B495 /* build */,
				E376680E140ACB6100A04012 /* install.rdf */,
				E3766810140ACB6100A04012 /* readme.txt */,
				E37B42F3140A1EA70025D823 /* CTypes.cpp */,
				E37B42F8140A2AA50025D823 /* CTypes.h */,
				E37B42EF1409E9E20025D823 /* evwrap.h */,
				E37B42ED1409E63A0025D823 /* evwrap.c */,
				E37B42F0140A023D0025D823 /* ev.c */,
				E37B42F1140A023D0025D823 /* ev.h */,
			);
			sourceTree = "<group>";
		};
/* End PBXGroup section */

/* Begin PBXLegacyTarget section */
		E3ACBC8E140ACBF60002B495 /* pavel.xpi */ = {
			isa = PBXLegacyTarget;
			buildArgumentsString = "-x $(ACTION)";
			buildConfigurationList = E3ACBC8F140ACBF60002B495 /* Build configuration list for PBXLegacyTarget "pavel.xpi" */;
			buildPhases = (
			);
			buildToolPath = ./build;
			buildWorkingDirectory = .;
			dependencies = (
			);
			name = pavel.xpi;
			passBuildSettingsInEnvironment = 1;
			productName = pavel.xpi;
		};
/* End PBXLegacyTarget section */

/* Begin PBXProject section */
		E37B42E014097EA60025D823 /* Project object */ = {
			isa = PBXProject;
			buildConfigurationList = E37B42E314097EA60025D823 /* Build configuration list for PBXProject "pavel" */;
			compatibilityVersion = "Xcode 3.2";
			developmentRegion = English;
			hasScannedForEncodings = 0;
			knownRegions = (
				en,
			);
			mainGroup = E37B42DE14097EA60025D823;
			projectDirPath = "";
			projectRoot = "";
			targets = (
				E3ACBC8E140ACBF60002B495 /* pavel.xpi */,
			);
		};
/* End PBXProject section */

/* Begin XCBuildConfiguration section */
		E37B42E614097EA60025D823 /* Debug */ = {
			isa = XCBuildConfiguration;
			buildSettings = {
				ALWAYS_SEARCH_USER_PATHS = NO;
				ARCHS = "$(ARCHS_STANDARD_64_BIT)";
				COPY_PHASE_STRIP = NO;
				GCC_C_LANGUAGE_STANDARD = gnu99;
				GCC_DYNAMIC_NO_PIC = NO;
				GCC_ENABLE_OBJC_EXCEPTIONS = YES;
				GCC_OPTIMIZATION_LEVEL = 0;
				GCC_PREPROCESSOR_DEFINITIONS = (
					"DEBUG=1",
					"$(inherited)",
				);
				GCC_SYMBOLS_PRIVATE_EXTERN = NO;
				GCC_VERSION = com.apple.compilers.llvm.clang.1_0;
				GCC_WARN_64_TO_32_BIT_CONVERSION = YES;
				GCC_WARN_ABOUT_MISSING_PROTOTYPES = YES;
				GCC_WARN_ABOUT_RETURN_TYPE = YES;
				GCC_WARN_UNUSED_VARIABLE = YES;
				MACOSX_DEPLOYMENT_TARGET = 10.7;
				ONLY_ACTIVE_ARCH = YES;
				SDKROOT = macosx;
			};
			name = Debug;
		};
		E37B42E714097EA60025D823 /* Release */ = {
			isa = XCBuildConfiguration;
			buildSettings = {
				ALWAYS_SEARCH_USER_PATHS = NO;
				ARCHS = "$(ARCHS_STANDARD_64_BIT)";
				COPY_PHASE_STRIP = YES;
				DEBUG_INFORMATION_FORMAT = "dwarf-with-dsym";
				GCC_C_LANGUAGE_STANDARD = gnu99;
				GCC_ENABLE_OBJC_EXCEPTIONS = YES;
				GCC_VERSION = com.apple.compilers.llvm.clang.1_0;
				GCC_WARN_64_TO_32_BIT_CONVERSION = YES;
				GCC_WARN_ABOUT_MISSING_PROTOTYPES = YES;
				GCC_WARN_ABOUT_RETURN_TYPE = YES;
				GCC_WARN_UNUSED_VARIABLE = YES;
				MACOSX_DEPLOYMENT_TARGET = 10.7;
				SDKROOT = macosx;
			};
			name = Release;
		};
		E3ACBC90140ACBF60002B495 /* Debug */ = {
			isa = XCBuildConfiguration;
			buildSettings = {
				DEBUGGING_SYMBOLS = YES;
				GCC_GENERATE_DEBUGGING_SYMBOLS = YES;
				GCC_OPTIMIZATION_LEVEL = 0;
				OTHER_CFLAGS = "";
				OTHER_LDFLAGS = "";
				PRODUCT_NAME = "$(TARGET_NAME)";
			};
			name = Debug;
		};
		E3ACBC91140ACBF60002B495 /* Release */ = {
			isa = XCBuildConfiguration;
			buildSettings = {
				OTHER_CFLAGS = "";
				OTHER_LDFLAGS = "";
				PRODUCT_NAME = "$(TARGET_NAME)";
			};
			name = Release;
		};
/* End XCBuildConfiguration section */

/* Begin XCConfigurationList section */
		E37B42E314097EA60025D823 /* Build configuration list for PBXProject "pavel" */ = {
			isa = XCConfigurationList;
			buildConfigurations = (
				E37B42E614097EA60025D823 /* Debug */,
				E37B42E714097EA60025D823 /* Release */,
			);
			defaultConfigurationIsVisible = 0;
			defaultConfigurationName = Release;
		};
		E3ACBC8F140ACBF60002B495 /* Build configuration list for PBXLegacyTarget "pavel.xpi" */ = {
			isa = XCConfigurationList;
			buildConfigurations = (
				E3ACBC90140ACBF60002B495 /* Debug */,
				E3ACBC91140ACBF60002B495 /* Release */,
			);
			defaultConfigurationIsVisible = 0;
		};
/* End XCConfigurationList section */
	};
	rootObject = E37B42E014097EA60025D823 /* Project object */;
}
